// !$*UTF8*$!
{
	archiveVersion = 1;
	classes = {
	};
	objectVersion = 46;
	objects = {

/* Begin PBXBuildFile section */
		839C48761D36BFD900D2B8C0 /* AppDelegate.swift in Sources */ = {isa = PBXBuildFile; fileRef = 839C48751D36BFD900D2B8C0 /* AppDelegate.swift */; };
		839C48781D36BFD900D2B8C0 /* ViewController.swift in Sources */ = {isa = PBXBuildFile; fileRef = 839C48771D36BFD900D2B8C0 /* ViewController.swift */; };
		839C487B1D36BFD900D2B8C0 /* Main.storyboard in Resources */ = {isa = PBXBuildFile; fileRef = 839C48791D36BFD900D2B8C0 /* Main.storyboard */; };
		839C487D1D36BFD900D2B8C0 /* Assets.xcassets in Resources */ = {isa = PBXBuildFile; fileRef = 839C487C1D36BFD900D2B8C0 /* Assets.xcassets */; };
		839C48801D36BFD900D2B8C0 /* LaunchScreen.storyboard in Resources */ = {isa = PBXBuildFile; fileRef = 839C487E1D36BFD900D2B8C0 /* LaunchScreen.storyboard */; };
		839C488B1D36BFD900D2B8C0 /* VRWaiversTests.swift in Sources */ = {isa = PBXBuildFile; fileRef = 839C488A1D36BFD900D2B8C0 /* VRWaiversTests.swift */; };
		83FD0E241D36C137005EB824 /* Realm.framework in Frameworks */ = {isa = PBXBuildFile; fileRef = 83FD0E221D36C137005EB824 /* Realm.framework */; };
		83FD0E251D36C137005EB824 /* Realm.framework in Embed Frameworks */ = {isa = PBXBuildFile; fileRef = 83FD0E221D36C137005EB824 /* Realm.framework */; settings = {ATTRIBUTES = (CodeSignOnCopy, RemoveHeadersOnCopy, ); }; };
		83FD0E261D36C137005EB824 /* RealmSwift.framework in Frameworks */ = {isa = PBXBuildFile; fileRef = 83FD0E231D36C137005EB824 /* RealmSwift.framework */; };
		83FD0E271D36C137005EB824 /* RealmSwift.framework in Embed Frameworks */ = {isa = PBXBuildFile; fileRef = 83FD0E231D36C137005EB824 /* RealmSwift.framework */; settings = {ATTRIBUTES = (CodeSignOnCopy, RemoveHeadersOnCopy, ); }; };
		83FD0E2B1D36C57D005EB824 /* CSSignatureView.swift in Sources */ = {isa = PBXBuildFile; fileRef = 83FD0E2A1D36C57D005EB824 /* CSSignatureView.swift */; };
/* End PBXBuildFile section */

/* Begin PBXContainerItemProxy section */
		839C48871D36BFD900D2B8C0 /* PBXContainerItemProxy */ = {
			isa = PBXContainerItemProxy;
			containerPortal = 839C486A1D36BFD800D2B8C0 /* Project object */;
			proxyType = 1;
			remoteGlobalIDString = 839C48711D36BFD800D2B8C0;
			remoteInfo = VRWaivers;
		};
/* End PBXContainerItemProxy section */

/* Begin PBXCopyFilesBuildPhase section */
		83FD0E281D36C138005EB824 /* Embed Frameworks */ = {
			isa = PBXCopyFilesBuildPhase;
			buildActionMask = 2147483647;
			dstPath = "";
			dstSubfolderSpec = 10;
			files = (
				83FD0E271D36C137005EB824 /* RealmSwift.framework in Embed Frameworks */,
				83FD0E251D36C137005EB824 /* Realm.framework in Embed Frameworks */,
			);
			name = "Embed Frameworks";
			runOnlyForDeploymentPostprocessing = 0;
		};
/* End PBXCopyFilesBuildPhase section */

/* Begin PBXFileReference section */
		839C48721D36BFD800D2B8C0 /* VRWaivers.app */ = {isa = PBXFileReference; explicitFileType = wrapper.application; includeInIndex = 0; path = VRWaivers.app; sourceTree = BUILT_PRODUCTS_DIR; };
		839C48751D36BFD900D2B8C0 /* AppDelegate.swift */ = {isa = PBXFileReference; lastKnownFileType = sourcecode.swift; path = AppDelegate.swift; sourceTree = "<group>"; };
		839C48771D36BFD900D2B8C0 /* ViewController.swift */ = {isa = PBXFileReference; lastKnownFileType = sourcecode.swift; path = ViewController.swift; sourceTree = "<group>"; };
		839C487A1D36BFD900D2B8C0 /* Base */ = {isa = PBXFileReference; lastKnownFileType = file.storyboard; name = Base; path = Base.lproj/Main.storyboard; sourceTree = "<group>"; };
		839C487C1D36BFD900D2B8C0 /* Assets.xcassets */ = {isa = PBXFileReference; lastKnownFileType = folder.assetcatalog; path = Assets.xcassets; sourceTree = "<group>"; };
		839C487F1D36BFD900D2B8C0 /* Base */ = {isa = PBXFileReference; lastKnownFileType = file.storyboard; name = Base; path = Base.lproj/LaunchScreen.storyboard; sourceTree = "<group>"; };
		839C48811D36BFD900D2B8C0 /* Info.plist */ = {isa = PBXFileReference; lastKnownFileType = text.plist.xml; path = Info.plist; sourceTree = "<group>"; };
		839C48861D36BFD900D2B8C0 /* VRWaiversTests.xctest */ = {isa = PBXFileReference; explicitFileType = wrapper.cfbundle; includeInIndex = 0; path = VRWaiversTests.xctest; sourceTree = BUILT_PRODUCTS_DIR; };
		839C488A1D36BFD900D2B8C0 /* VRWaiversTests.swift */ = {isa = PBXFileReference; lastKnownFileType = sourcecode.swift; path = VRWaiversTests.swift; sourceTree = "<group>"; };
		839C488C1D36BFD900D2B8C0 /* Info.plist */ = {isa = PBXFileReference; lastKnownFileType = text.plist.xml; path = Info.plist; sourceTree = "<group>"; };
		83FD0E221D36C137005EB824 /* Realm.framework */ = {isa = PBXFileReference; lastKnownFileType = wrapper.framework; path = Realm.framework; sourceTree = "<group>"; };
		83FD0E231D36C137005EB824 /* RealmSwift.framework */ = {isa = PBXFileReference; lastKnownFileType = wrapper.framework; path = RealmSwift.framework; sourceTree = "<group>"; };
		83FD0E2A1D36C57D005EB824 /* CSSignatureView.swift */ = {isa = PBXFileReference; fileEncoding = 4; lastKnownFileType = sourcecode.swift; path = CSSignatureView.swift; sourceTree = "<group>"; };
/* End PBXFileReference section */

/* Begin PBXFrameworksBuildPhase section */
		839C486F1D36BFD800D2B8C0 /* Frameworks */ = {
			isa = PBXFrameworksBuildPhase;
			buildActionMask = 2147483647;
			files = (
				83FD0E261D36C137005EB824 /* RealmSwift.framework in Frameworks */,
				83FD0E241D36C137005EB824 /* Realm.framework in Frameworks */,
			);
			runOnlyForDeploymentPostprocessing = 0;
		};
		839C48831D36BFD900D2B8C0 /* Frameworks */ = {
			isa = PBXFrameworksBuildPhase;
			buildActionMask = 2147483647;
			files = (
			);
			runOnlyForDeploymentPostprocessing = 0;
		};
/* End PBXFrameworksBuildPhase section */

/* Begin PBXGroup section */
		839C48691D36BFD800D2B8C0 = {
			isa = PBXGroup;
			children = (
				83FD0E221D36C137005EB824 /* Realm.framework */,
				83FD0E231D36C137005EB824 /* RealmSwift.framework */,
				839C48741D36BFD900D2B8C0 /* VRWaivers */,
				839C48891D36BFD900D2B8C0 /* VRWaiversTests */,
				839C48731D36BFD800D2B8C0 /* Products */,
			);
			sourceTree = "<group>";
		};
		839C48731D36BFD800D2B8C0 /* Products */ = {
			isa = PBXGroup;
			children = (
				839C48721D36BFD800D2B8C0 /* VRWaivers.app */,
				839C48861D36BFD900D2B8C0 /* VRWaiversTests.xctest */,
			);
			name = Products;
			sourceTree = "<group>";
		};
		839C48741D36BFD900D2B8C0 /* VRWaivers */ = {
			isa = PBXGroup;
			children = (
				839C48751D36BFD900D2B8C0 /* AppDelegate.swift */,
				839C48771D36BFD900D2B8C0 /* ViewController.swift */,
				839C48791D36BFD900D2B8C0 /* Main.storyboard */,
				839C487C1D36BFD900D2B8C0 /* Assets.xcassets */,
				839C487E1D36BFD900D2B8C0 /* LaunchScreen.storyboard */,
				839C48811D36BFD900D2B8C0 /* Info.plist */,
				83FD0E2A1D36C57D005EB824 /* CSSignatureView.swift */,
			);
			path = VRWaivers;
			sourceTree = "<group>";
		};
		839C48891D36BFD900D2B8C0 /* VRWaiversTests */ = {
			isa = PBXGroup;
			children = (
				839C488A1D36BFD900D2B8C0 /* VRWaiversTests.swift */,
				839C488C1D36BFD900D2B8C0 /* Info.plist */,
			);
			path = VRWaiversTests;
			sourceTree = "<group>";
		};
/* End PBXGroup section */

/* Begin PBXNativeTarget section */
		839C48711D36BFD800D2B8C0 /* VRWaivers */ = {
			isa = PBXNativeTarget;
			buildConfigurationList = 839C488F1D36BFD900D2B8C0 /* Build configuration list for PBXNativeTarget "VRWaivers" */;
			buildPhases = (
				839C486E1D36BFD800D2B8C0 /* Sources */,
				839C486F1D36BFD800D2B8C0 /* Frameworks */,
				839C48701D36BFD800D2B8C0 /* Resources */,
				83FD0E281D36C138005EB824 /* Embed Frameworks */,
				83FD0E291D36C175005EB824 /* ShellScript */,
			);
			buildRules = (
			);
			dependencies = (
			);
			name = VRWaivers;
			productName = VRWaivers;
			productReference = 839C48721D36BFD800D2B8C0 /* VRWaivers.app */;
			productType = "com.apple.product-type.application";
		};
		839C48851D36BFD900D2B8C0 /* VRWaiversTests */ = {
			isa = PBXNativeTarget;
			buildConfigurationList = 839C48921D36BFD900D2B8C0 /* Build configuration list for PBXNativeTarget "VRWaiversTests" */;
			buildPhases = (
				839C48821D36BFD900D2B8C0 /* Sources */,
				839C48831D36BFD900D2B8C0 /* Frameworks */,
				839C48841D36BFD900D2B8C0 /* Resources */,
			);
			buildRules = (
			);
			dependencies = (
				839C48881D36BFD900D2B8C0 /* PBXTargetDependency */,
			);
			name = VRWaiversTests;
			productName = VRWaiversTests;
			productReference = 839C48861D36BFD900D2B8C0 /* VRWaiversTests.xctest */;
			productType = "com.apple.product-type.bundle.unit-test";
		};
/* End PBXNativeTarget section */

/* Begin PBXProject section */
		839C486A1D36BFD800D2B8C0 /* Project object */ = {
			isa = PBXProject;
			attributes = {
				LastSwiftUpdateCheck = 0730;
				LastUpgradeCheck = 0730;
				ORGANIZATIONNAME = VRLab;
				TargetAttributes = {
					839C48711D36BFD800D2B8C0 = {
						CreatedOnToolsVersion = 7.3.1;
						DevelopmentTeam = 5AEGZ7W8KM;
					};
					839C48851D36BFD900D2B8C0 = {
						CreatedOnToolsVersion = 7.3.1;
						TestTargetID = 839C48711D36BFD800D2B8C0;
					};
				};
			};
			buildConfigurationList = 839C486D1D36BFD800D2B8C0 /* Build configuration list for PBXProject "VRWaivers" */;
			compatibilityVersion = "Xcode 3.2";
			developmentRegion = English;
			hasScannedForEncodings = 0;
			knownRegions = (
				en,
				Base,
			);
			mainGroup = 839C48691D36BFD800D2B8C0;
			productRefGroup = 839C48731D36BFD800D2B8C0 /* Products */;
			projectDirPath = "";
			projectRoot = "";
			targets = (
				839C48711D36BFD800D2B8C0 /* VRWaivers */,
				839C48851D36BFD900D2B8C0 /* VRWaiversTests */,
			);
		};
/* End PBXProject section */

/* Begin PBXResourcesBuildPhase section */
		839C48701D36BFD800D2B8C0 /* Resources */ = {
			isa = PBXResourcesBuildPhase;
			buildActionMask = 2147483647;
			files = (
				839C48801D36BFD900D2B8C0 /* LaunchScreen.storyboard in Resources */,
				839C487D1D36BFD900D2B8C0 /* Assets.xcassets in Resources */,
				839C487B1D36BFD900D2B8C0 /* Main.storyboard in Resources */,
			);
			runOnlyForDeploymentPostprocessing = 0;
		};
		839C48841D36BFD900D2B8C0 /* Resources */ = {
			isa = PBXResourcesBuildPhase;
			buildActionMask = 2147483647;
			files = (
			);
			runOnlyForDeploymentPostprocessing = 0;
		};
/* End PBXResourcesBuildPhase section */

/* Begin PBXShellScriptBuildPhase section */
		83FD0E291D36C175005EB824 /* ShellScript */ = {
			isa = PBXShellScriptBuildPhase;
			buildActionMask = 2147483647;
			files = (
			);
			inputPaths = (
			);
			outputPaths = (
			);
			runOnlyForDeploymentPostprocessing = 0;
			shellPath = /bin/sh;
			shellScript = "bash \"${BUILT_PRODUCTS_DIR}/${FRAMEWORKS_FOLDER_PATH}/Realm.framework/strip-frameworks.sh\"";
		};
/* End PBXShellScriptBuildPhase section */

/* Begin PBXSourcesBuildPhase section */
		839C486E1D36BFD800D2B8C0 /* Sources */ = {
			isa = PBXSourcesBuildPhase;
			buildActionMask = 2147483647;
			files = (
				83FD0E2B1D36C57D005EB824 /* CSSignatureView.swift in Sources */,
				839C48781D36BFD900D2B8C0 /* ViewController.swift in Sources */,
				839C48761D36BFD900D2B8C0 /* AppDelegate.swift in Sources */,
			);
			runOnlyForDeploymentPostprocessing = 0;
		};
		839C48821D36BFD900D2B8C0 /* Sources */ = {
			isa = PBXSourcesBuildPhase;
			buildActionMask = 2147483647;
			files = (
				839C488B1D36BFD900D2B8C0 /* VRWaiversTests.swift in Sources */,
			);
			runOnlyForDeploymentPostprocessing = 0;
		};
/* End PBXSourcesBuildPhase section */

/* Begin PBXTargetDependency section */
		839C48881D36BFD900D2B8C0 /* PBXTargetDependency */ = {
			isa = PBXTargetDependency;
			target = 839C48711D36BFD800D2B8C0 /* VRWaivers */;
			targetProxy = 839C48871D36BFD900D2B8C0 /* PBXContainerItemProxy */;
		};
/* End PBXTargetDependency section */

/* Begin PBXVariantGroup section */
		839C48791D36BFD900D2B8C0 /* Main.storyboard */ = {
			isa = PBXVariantGroup;
			children = (
				839C487A1D36BFD900D2B8C0 /* Base */,
			);
			name = Main.storyboard;
			sourceTree = "<group>";
		};
		839C487E1D36BFD900D2B8C0 /* LaunchScreen.storyboard */ = {
			isa = PBXVariantGroup;
			children = (
				839C487F1D36BFD900D2B8C0 /* Base */,
			);
			name = LaunchScreen.storyboard;
			sourceTree = "<group>";
		};
/* End PBXVariantGroup section */

/* Begin XCBuildConfiguration section */
		839C488D1D36BFD900D2B8C0 /* Debug */ = {
			isa = XCBuildConfiguration;
			buildSettings = {
				ALWAYS_SEARCH_USER_PATHS = NO;
				CLANG_ANALYZER_NONNULL = YES;
				CLANG_CXX_LANGUAGE_STANDARD = "gnu++0x";
				CLANG_CXX_LIBRARY = "libc++";
				CLANG_ENABLE_MODULES = YES;
				CLANG_ENABLE_OBJC_ARC = YES;
				CLANG_WARN_BOOL_CONVERSION = YES;
				CLANG_WARN_CONSTANT_CONVERSION = YES;
				CLANG_WARN_DIRECT_OBJC_ISA_USAGE = YES_ERROR;
				CLANG_WARN_EMPTY_BODY = YES;
				CLANG_WARN_ENUM_CONVERSION = YES;
				CLANG_WARN_INT_CONVERSION = YES;
				CLANG_WARN_OBJC_ROOT_CLASS = YES_ERROR;
				CLANG_WARN_UNREACHABLE_CODE = YES;
				CLANG_WARN__DUPLICATE_METHOD_MATCH = YES;
				"CODE_SIGN_IDENTITY[sdk=iphoneos*]" = "iPhone Developer";
				COPY_PHASE_STRIP = NO;
				DEBUG_INFORMATION_FORMAT = dwarf;
				ENABLE_STRICT_OBJC_MSGSEND = YES;
				ENABLE_TESTABILITY = YES;
				GCC_C_LANGUAGE_STANDARD = gnu99;
				GCC_DYNAMIC_NO_PIC = NO;
				GCC_NO_COMMON_BLOCKS = YES;
				GCC_OPTIMIZATION_LEVEL = 0;
				GCC_PREPROCESSOR_DEFINITIONS = (
					"DEBUG=1",
					"$(inherited)",
				);
				GCC_WARN_64_TO_32_BIT_CONVERSION = YES;
				GCC_WARN_ABOUT_RETURN_TYPE = YES_ERROR;
				GCC_WARN_UNDECLARED_SELECTOR = YES;
				GCC_WARN_UNINITIALIZED_AUTOS = YES_AGGRESSIVE;
				GCC_WARN_UNUSED_FUNCTION = YES;
				GCC_WARN_UNUSED_VARIABLE = YES;
				IPHONEOS_DEPLOYMENT_TARGET = 9.3;
				MTL_ENABLE_DEBUG_INFO = YES;
				ONLY_ACTIVE_ARCH = YES;
				SDKROOT = iphoneos;
				SWIFT_OPTIMIZATION_LEVEL = "-Onone";
				TARGETED_DEVICE_FAMILY = 2;
			};
			name = Debug;
		};
		839C488E1D36BFD900D2B8C0 /* Release */ = {
			isa = XCBuildConfiguration;
			buildSettings = {
				ALWAYS_SEARCH_USER_PATHS = NO;
				CLANG_ANALYZER_NONNULL = YES;
				CLANG_CXX_LANGUAGE_STANDARD = "gnu++0x";
				CLANG_CXX_LIBRARY = "libc++";
				CLANG_ENABLE_MODULES = YES;
				CLANG_ENABLE_OBJC_ARC = YES;
				CLANG_WARN_BOOL_CONVERSION = YES;
				CLANG_WARN_CONSTANT_CONVERSION = YES;
				CLANG_WARN_DIRECT_OBJC_ISA_USAGE = YES_ERROR;
				CLANG_WARN_EMPTY_BODY = YES;
				CLANG_WARN_ENUM_CONVERSION = YES;
				CLANG_WARN_INT_CONVERSION = YES;
				CLANG_WARN_OBJC_ROOT_CLASS = YES_ERROR;
				CLANG_WARN_UNREACHABLE_CODE = YES;
				CLANG_WARN__DUPLICATE_METHOD_MATCH = YES;
				"CODE_SIGN_IDENTITY[sdk=iphoneos*]" = "iPhone Developer";
				COPY_PHASE_STRIP = NO;
				DEBUG_INFORMATION_FORMAT = "dwarf-with-dsym";
				ENABLE_NS_ASSERTIONS = NO;
				ENABLE_STRICT_OBJC_MSGSEND = YES;
				GCC_C_LANGUAGE_STANDARD = gnu99;
				GCC_NO_COMMON_BLOCKS = YES;
				GCC_WARN_64_TO_32_BIT_CONVERSION = YES;
				GCC_WARN_ABOUT_RETURN_TYPE = YES_ERROR;
				GCC_WARN_UNDECLARED_SELECTOR = YES;
				GCC_WARN_UNINITIALIZED_AUTOS = YES_AGGRESSIVE;
				GCC_WARN_UNUSED_FUNCTION = YES;
				GCC_WARN_UNUSED_VARIABLE = YES;
				IPHONEOS_DEPLOYMENT_TARGET = 9.3;
				MTL_ENABLE_DEBUG_INFO = NO;
				SDKROOT = iphoneos;
				TARGETED_DEVICE_FAMILY = 2;
				VALIDATE_PRODUCT = YES;
			};
			name = Release;
		};
		839C48901D36BFD900D2B8C0 /* Debug */ = {
			isa = XCBuildConfiguration;
			buildSettings = {
				ASSETCATALOG_COMPILER_APPICON_NAME = AppIcon;
				CODE_SIGN_IDENTITY = "iPhone Developer";
				FRAMEWORK_SEARCH_PATHS = (
					"$(inherited)",
					"$(PROJECT_DIR)/Frameworks",
					"$(PROJECT_DIR)",
				);
				INFOPLIST_FILE = VRWaivers/Info.plist;
				LD_RUNPATH_SEARCH_PATHS = "$(inherited) @executable_path/Frameworks";
				PRODUCT_BUNDLE_IDENTIFIER = rocks.vrlab.VRWaivers;
				PRODUCT_NAME = "$(TARGET_NAME)";
			};
			name = Debug;
		};
		839C48911D36BFD900D2B8C0 /* Release */ = {
			isa = XCBuildConfiguration;
			buildSettings = {
				ASSETCATALOG_COMPILER_APPICON_NAME = AppIcon;
				CODE_SIGN_IDENTITY = "iPhone Developer";
				FRAMEWORK_SEARCH_PATHS = (
					"$(inherited)",
					"$(PROJECT_DIR)/Frameworks",
					"$(PROJECT_DIR)",
				);
				INFOPLIST_FILE = VRWaivers/Info.plist;
				LD_RUNPATH_SEARCH_PATHS = "$(inherited) @executable_path/Frameworks";
				PRODUCT_BUNDLE_IDENTIFIER = rocks.vrlab.VRWaivers;
				PRODUCT_NAME = "$(TARGET_NAME)";
			};
			name = Release;
		};
		839C48931D36BFD900D2B8C0 /* Debug */ = {
			isa = XCBuildConfiguration;
			buildSettings = {
				BUNDLE_LOADER = "$(TEST_HOST)";
				INFOPLIST_FILE = VRWaiversTests/Info.plist;
				LD_RUNPATH_SEARCH_PATHS = "$(inherited) @executable_path/Frameworks @loader_path/Frameworks";
				PRODUCT_BUNDLE_IDENTIFIER = rocks.vrlab.VRWaiversTests;
				PRODUCT_NAME = "$(TARGET_NAME)";
				TEST_HOST = "$(BUILT_PRODUCTS_DIR)/VRWaivers.app/VRWaivers";
			};
			name = Debug;
		};
		839C48941D36BFD900D2B8C0 /* Release */ = {
			isa = XCBuildConfiguration;
			buildSettings = {
				BUNDLE_LOADER = "$(TEST_HOST)";
				INFOPLIST_FILE = VRWaiversTests/Info.plist;
				LD_RUNPATH_SEARCH_PATHS = "$(inherited) @executable_path/Frameworks @loader_path/Frameworks";
				PRODUCT_BUNDLE_IDENTIFIER = rocks.vrlab.VRWaiversTests;
				PRODUCT_NAME = "$(TARGET_NAME)";
				TEST_HOST = "$(BUILT_PRODUCTS_DIR)/VRWaivers.app/VRWaivers";
			};
			name = Release;
		};
/* End XCBuildConfiguration section */

/* Begin XCConfigurationList section */
		839C486D1D36BFD800D2B8C0 /* Build configuration list for PBXProject "VRWaivers" */ = {
			isa = XCConfigurationList;
			buildConfigurations = (
				839C488D1D36BFD900D2B8C0 /* Debug */,
				839C488E1D36BFD900D2B8C0 /* Release */,
			);
			defaultConfigurationIsVisible = 0;
			defaultConfigurationName = Release;
		};
		839C488F1D36BFD900D2B8C0 /* Build configuration list for PBXNativeTarget "VRWaivers" */ = {
			isa = XCConfigurationList;
			buildConfigurations = (
				839C48901D36BFD900D2B8C0 /* Debug */,
				839C48911D36BFD900D2B8C0 /* Release */,
			);
			defaultConfigurationIsVisible = 0;
			defaultConfigurationName = Release;
		};
		839C48921D36BFD900D2B8C0 /* Build configuration list for PBXNativeTarget "VRWaiversTests" */ = {
			isa = XCConfigurationList;
			buildConfigurations = (
				839C48931D36BFD900D2B8C0 /* Debug */,
				839C48941D36BFD900D2B8C0 /* Release */,
			);
			defaultConfigurationIsVisible = 0;
			defaultConfigurationName = Release;
		};
/* End XCConfigurationList section */
	};
	rootObject = 839C486A1D36BFD800D2B8C0 /* Project object */;
}
