// !$*UTF8*$!
{
	archiveVersion = 1;
	classes = {
	};
	objectVersion = 46;
	objects = {

/* Begin PBXBuildFile section */
		834CDA1B1D375C58001EF345 /* SignatureVC.swift in Sources */ = {isa = PBXBuildFile; fileRef = 834CDA1A1D375C58001EF345 /* SignatureVC.swift */; };
		834CDA1D1D376DA6001EF345 /* WaiverPageVC.swift in Sources */ = {isa = PBXBuildFile; fileRef = 834CDA1C1D376DA6001EF345 /* WaiverPageVC.swift */; };
		8355C3081D3B413200779FA2 /* PagingFlowLayout.swift in Sources */ = {isa = PBXBuildFile; fileRef = 8355C3071D3B413200779FA2 /* PagingFlowLayout.swift */; };
		8355C30A1D3B610D00779FA2 /* CheckedInVC.swift in Sources */ = {isa = PBXBuildFile; fileRef = 8355C3091D3B610D00779FA2 /* CheckedInVC.swift */; };
		836122151D3B400200B01B8F /* PopupCollectionViewController.swift in Sources */ = {isa = PBXBuildFile; fileRef = 836122141D3B400200B01B8F /* PopupCollectionViewController.swift */; };
		8364E2281D37414500D8F755 /* SigningVC.swift in Sources */ = {isa = PBXBuildFile; fileRef = 8364E2271D37414500D8F755 /* SigningVC.swift */; };
		83682C9E1D3A8B80005176AC /* Customer.swift in Sources */ = {isa = PBXBuildFile; fileRef = 83682C9D1D3A8B80005176AC /* Customer.swift */; };
		83682CA01D3A8F77005176AC /* WelcomeVC.swift in Sources */ = {isa = PBXBuildFile; fileRef = 83682C9F1D3A8F77005176AC /* WelcomeVC.swift */; };
		838986091D389E81008A209B /* Montserrat-Bold.ttf in Resources */ = {isa = PBXBuildFile; fileRef = 838986071D389E81008A209B /* Montserrat-Bold.ttf */; };
		8389860A1D389E81008A209B /* Montserrat-Regular.ttf in Resources */ = {isa = PBXBuildFile; fileRef = 838986081D389E81008A209B /* Montserrat-Regular.ttf */; };
		8389860C1D389F2D008A209B /* Montserrat-Light.ttf in Resources */ = {isa = PBXBuildFile; fileRef = 8389860B1D389F2D008A209B /* Montserrat-Light.ttf */; };
		8389860E1D38AAEF008A209B /* FloatLabelTextField.swift in Sources */ = {isa = PBXBuildFile; fileRef = 8389860D1D38AAEF008A209B /* FloatLabelTextField.swift */; };
		839C48761D36BFD900D2B8C0 /* AppDelegate.swift in Sources */ = {isa = PBXBuildFile; fileRef = 839C48751D36BFD900D2B8C0 /* AppDelegate.swift */; };
		839C48781D36BFD900D2B8C0 /* WaiverVC.swift in Sources */ = {isa = PBXBuildFile; fileRef = 839C48771D36BFD900D2B8C0 /* WaiverVC.swift */; };
		839C487B1D36BFD900D2B8C0 /* Main.storyboard in Resources */ = {isa = PBXBuildFile; fileRef = 839C48791D36BFD900D2B8C0 /* Main.storyboard */; };
		839C487D1D36BFD900D2B8C0 /* Assets.xcassets in Resources */ = {isa = PBXBuildFile; fileRef = 839C487C1D36BFD900D2B8C0 /* Assets.xcassets */; };
		839C48801D36BFD900D2B8C0 /* LaunchScreen.storyboard in Resources */ = {isa = PBXBuildFile; fileRef = 839C487E1D36BFD900D2B8C0 /* LaunchScreen.storyboard */; };
		839C488B1D36BFD900D2B8C0 /* VRWaiversTests.swift in Sources */ = {isa = PBXBuildFile; fileRef = 839C488A1D36BFD900D2B8C0 /* VRWaiversTests.swift */; };
		83A25C411D3B308100769081 /* CustomerCardVC.swift in Sources */ = {isa = PBXBuildFile; fileRef = 83A25C401D3B308100769081 /* CustomerCardVC.swift */; };
		83FD0E241D36C137005EB824 /* Realm.framework in Frameworks */ = {isa = PBXBuildFile; fileRef = 83FD0E221D36C137005EB824 /* Realm.framework */; };
		83FD0E251D36C137005EB824 /* Realm.framework in Embed Frameworks */ = {isa = PBXBuildFile; fileRef = 83FD0E221D36C137005EB824 /* Realm.framework */; settings = {ATTRIBUTES = (CodeSignOnCopy, RemoveHeadersOnCopy, ); }; };
		83FD0E261D36C137005EB824 /* RealmSwift.framework in Frameworks */ = {isa = PBXBuildFile; fileRef = 83FD0E231D36C137005EB824 /* RealmSwift.framework */; };
		83FD0E271D36C137005EB824 /* RealmSwift.framework in Embed Frameworks */ = {isa = PBXBuildFile; fileRef = 83FD0E231D36C137005EB824 /* RealmSwift.framework */; settings = {ATTRIBUTES = (CodeSignOnCopy, RemoveHeadersOnCopy, ); }; };
		83FD0E2B1D36C57D005EB824 /* SignatureView.swift in Sources */ = {isa = PBXBuildFile; fileRef = 83FD0E2A1D36C57D005EB824 /* SignatureView.swift */; };
		98D63DD200059B48BFD5174C /* Pods_VRWaivers.framework in Frameworks */ = {isa = PBXBuildFile; fileRef = F09B1CA9CDB8A6EDED0CCFB7 /* Pods_VRWaivers.framework */; };
/* End PBXBuildFile section */

/* Begin PBXContainerItemProxy section */
		839C48871D36BFD900D2B8C0 /* PBXContainerItemProxy */ = {
			isa = PBXContainerItemProxy;
			containerPortal = 839C486A1D36BFD800D2B8C0 /* Project object */;
			proxyType = 1;
			remoteGlobalIDString = 839C48711D36BFD800D2B8C0;
			remoteInfo = VRWaivers;
		};
/* End PBXContainerItemProxy section */

/* Begin PBXCopyFilesBuildPhase section */
		83FD0E281D36C138005EB824 /* Embed Frameworks */ = {
			isa = PBXCopyFilesBuildPhase;
			buildActionMask = 2147483647;
			dstPath = "";
			dstSubfolderSpec = 10;
			files = (
				83FD0E271D36C137005EB824 /* RealmSwift.framework in Embed Frameworks */,
				83FD0E251D36C137005EB824 /* Realm.framework in Embed Frameworks */,
			);
			name = "Embed Frameworks";
			runOnlyForDeploymentPostprocessing = 0;
		};
/* End PBXCopyFilesBuildPhase section */

/* Begin PBXFileReference section */
		4683D86AF55D32AD12CF9864 /* Pods-VRWaivers.debug.xcconfig */ = {isa = PBXFileReference; includeInIndex = 1; lastKnownFileType = text.xcconfig; name = "Pods-VRWaivers.debug.xcconfig"; path = "Pods/Target Support Files/Pods-VRWaivers/Pods-VRWaivers.debug.xcconfig"; sourceTree = "<group>"; };
		834CDA1A1D375C58001EF345 /* SignatureVC.swift */ = {isa = PBXFileReference; fileEncoding = 4; lastKnownFileType = sourcecode.swift; path = SignatureVC.swift; sourceTree = "<group>"; };
		834CDA1C1D376DA6001EF345 /* WaiverPageVC.swift */ = {isa = PBXFileReference; fileEncoding = 4; lastKnownFileType = sourcecode.swift; path = WaiverPageVC.swift; sourceTree = "<group>"; };
		8355C3071D3B413200779FA2 /* PagingFlowLayout.swift */ = {isa = PBXFileReference; fileEncoding = 4; lastKnownFileType = sourcecode.swift; path = PagingFlowLayout.swift; sourceTree = "<group>"; };
		8355C3091D3B610D00779FA2 /* CheckedInVC.swift */ = {isa = PBXFileReference; fileEncoding = 4; lastKnownFileType = sourcecode.swift; path = CheckedInVC.swift; sourceTree = "<group>"; };
		836122141D3B400200B01B8F /* PopupCollectionViewController.swift */ = {isa = PBXFileReference; fileEncoding = 4; lastKnownFileType = sourcecode.swift; path = PopupCollectionViewController.swift; sourceTree = "<group>"; };
		8364E2271D37414500D8F755 /* SigningVC.swift */ = {isa = PBXFileReference; fileEncoding = 4; lastKnownFileType = sourcecode.swift; path = SigningVC.swift; sourceTree = "<group>"; };
		83682C9D1D3A8B80005176AC /* Customer.swift */ = {isa = PBXFileReference; fileEncoding = 4; lastKnownFileType = sourcecode.swift; name = Customer.swift; path = Model/Customer.swift; sourceTree = "<group>"; };
		83682C9F1D3A8F77005176AC /* WelcomeVC.swift */ = {isa = PBXFileReference; fileEncoding = 4; lastKnownFileType = sourcecode.swift; path = WelcomeVC.swift; sourceTree = "<group>"; };
		838986071D389E81008A209B /* Montserrat-Bold.ttf */ = {isa = PBXFileReference; lastKnownFileType = file; path = "Montserrat-Bold.ttf"; sourceTree = "<group>"; };
		838986081D389E81008A209B /* Montserrat-Regular.ttf */ = {isa = PBXFileReference; lastKnownFileType = file; path = "Montserrat-Regular.ttf"; sourceTree = "<group>"; };
		8389860B1D389F2D008A209B /* Montserrat-Light.ttf */ = {isa = PBXFileReference; lastKnownFileType = file; path = "Montserrat-Light.ttf"; sourceTree = "<group>"; };
		8389860D1D38AAEF008A209B /* FloatLabelTextField.swift */ = {isa = PBXFileReference; fileEncoding = 4; lastKnownFileType = sourcecode.swift; path = FloatLabelTextField.swift; sourceTree = "<group>"; };
		839C48721D36BFD800D2B8C0 /* VRWaivers.app */ = {isa = PBXFileReference; explicitFileType = wrapper.application; includeInIndex = 0; path = VRWaivers.app; sourceTree = BUILT_PRODUCTS_DIR; };
		839C48751D36BFD900D2B8C0 /* AppDelegate.swift */ = {isa = PBXFileReference; lastKnownFileType = sourcecode.swift; path = AppDelegate.swift; sourceTree = "<group>"; };
		839C48771D36BFD900D2B8C0 /* WaiverVC.swift */ = {isa = PBXFileReference; lastKnownFileType = sourcecode.swift; path = WaiverVC.swift; sourceTree = "<group>"; };
		839C487A1D36BFD900D2B8C0 /* Base */ = {isa = PBXFileReference; lastKnownFileType = file.storyboard; name = Base; path = Base.lproj/Main.storyboard; sourceTree = "<group>"; };
		839C487C1D36BFD900D2B8C0 /* Assets.xcassets */ = {isa = PBXFileReference; lastKnownFileType = folder.assetcatalog; path = Assets.xcassets; sourceTree = "<group>"; };
		839C487F1D36BFD900D2B8C0 /* Base */ = {isa = PBXFileReference; lastKnownFileType = file.storyboard; name = Base; path = Base.lproj/LaunchScreen.storyboard; sourceTree = "<group>"; };
		839C48811D36BFD900D2B8C0 /* Info.plist */ = {isa = PBXFileReference; lastKnownFileType = text.plist.xml; path = Info.plist; sourceTree = "<group>"; };
		839C48861D36BFD900D2B8C0 /* VRWaiversTests.xctest */ = {isa = PBXFileReference; explicitFileType = wrapper.cfbundle; includeInIndex = 0; path = VRWaiversTests.xctest; sourceTree = BUILT_PRODUCTS_DIR; };
		839C488A1D36BFD900D2B8C0 /* VRWaiversTests.swift */ = {isa = PBXFileReference; lastKnownFileType = sourcecode.swift; path = VRWaiversTests.swift; sourceTree = "<group>"; };
		839C488C1D36BFD900D2B8C0 /* Info.plist */ = {isa = PBXFileReference; lastKnownFileType = text.plist.xml; path = Info.plist; sourceTree = "<group>"; };
		83A25C401D3B308100769081 /* CustomerCardVC.swift */ = {isa = PBXFileReference; fileEncoding = 4; lastKnownFileType = sourcecode.swift; path = CustomerCardVC.swift; sourceTree = "<group>"; };
		83FD0E221D36C137005EB824 /* Realm.framework */ = {isa = PBXFileReference; lastKnownFileType = wrapper.framework; path = Realm.framework; sourceTree = "<group>"; };
		83FD0E231D36C137005EB824 /* RealmSwift.framework */ = {isa = PBXFileReference; lastKnownFileType = wrapper.framework; path = RealmSwift.framework; sourceTree = "<group>"; };
		83FD0E2A1D36C57D005EB824 /* SignatureView.swift */ = {isa = PBXFileReference; fileEncoding = 4; lastKnownFileType = sourcecode.swift; path = SignatureView.swift; sourceTree = "<group>"; };
		93C9434A08B7CCA847E7142A /* Pods-VRWaivers.release.xcconfig */ = {isa = PBXFileReference; includeInIndex = 1; lastKnownFileType = text.xcconfig; name = "Pods-VRWaivers.release.xcconfig"; path = "Pods/Target Support Files/Pods-VRWaivers/Pods-VRWaivers.release.xcconfig"; sourceTree = "<group>"; };
		F09B1CA9CDB8A6EDED0CCFB7 /* Pods_VRWaivers.framework */ = {isa = PBXFileReference; explicitFileType = wrapper.framework; includeInIndex = 0; path = Pods_VRWaivers.framework; sourceTree = BUILT_PRODUCTS_DIR; };
/* End PBXFileReference section */

/* Begin PBXFrameworksBuildPhase section */
		839C486F1D36BFD800D2B8C0 /* Frameworks */ = {
			isa = PBXFrameworksBuildPhase;
			buildActionMask = 2147483647;
			files = (
				83FD0E261D36C137005EB824 /* RealmSwift.framework in Frameworks */,
				83FD0E241D36C137005EB824 /* Realm.framework in Frameworks */,
				98D63DD200059B48BFD5174C /* Pods_VRWaivers.framework in Frameworks */,
			);
			runOnlyForDeploymentPostprocessing = 0;
		};
		839C48831D36BFD900D2B8C0 /* Frameworks */ = {
			isa = PBXFrameworksBuildPhase;
			buildActionMask = 2147483647;
			files = (
			);
			runOnlyForDeploymentPostprocessing = 0;
		};
/* End PBXFrameworksBuildPhase section */

/* Begin PBXGroup section */
		4C89019D01B7743B60D91E42 /* Pods */ = {
			isa = PBXGroup;
			children = (
				4683D86AF55D32AD12CF9864 /* Pods-VRWaivers.debug.xcconfig */,
				93C9434A08B7CCA847E7142A /* Pods-VRWaivers.release.xcconfig */,
			);
			name = Pods;
			sourceTree = "<group>";
		};
		731168A6C38F69166BC488EE /* Frameworks */ = {
			isa = PBXGroup;
			children = (
				F09B1CA9CDB8A6EDED0CCFB7 /* Pods_VRWaivers.framework */,
			);
			name = Frameworks;
			sourceTree = "<group>";
		};
		838986021D389D2D008A209B /* Fonts */ = {
			isa = PBXGroup;
			children = (
				8389860B1D389F2D008A209B /* Montserrat-Light.ttf */,
				838986071D389E81008A209B /* Montserrat-Bold.ttf */,
				838986081D389E81008A209B /* Montserrat-Regular.ttf */,
			);
			path = Fonts;
			sourceTree = "<group>";
		};
		838986111D39B6D9008A209B /* Model */ = {
			isa = PBXGroup;
			children = (
				83682C9D1D3A8B80005176AC /* Customer.swift */,
			);
			name = Model;
			sourceTree = "<group>";
		};
		839C48691D36BFD800D2B8C0 = {
			isa = PBXGroup;
			children = (
				83FD0E221D36C137005EB824 /* Realm.framework */,
				83FD0E231D36C137005EB824 /* RealmSwift.framework */,
				839C48741D36BFD900D2B8C0 /* VRWaivers */,
				839C48891D36BFD900D2B8C0 /* VRWaiversTests */,
				839C48731D36BFD800D2B8C0 /* Products */,
				4C89019D01B7743B60D91E42 /* Pods */,
				731168A6C38F69166BC488EE /* Frameworks */,
			);
			sourceTree = "<group>";
		};
		839C48731D36BFD800D2B8C0 /* Products */ = {
			isa = PBXGroup;
			children = (
				839C48721D36BFD800D2B8C0 /* VRWaivers.app */,
				839C48861D36BFD900D2B8C0 /* VRWaiversTests.xctest */,
			);
			name = Products;
			sourceTree = "<group>";
		};
		839C48741D36BFD900D2B8C0 /* VRWaivers */ = {
			isa = PBXGroup;
			children = (
				838986111D39B6D9008A209B /* Model */,
				839C48751D36BFD900D2B8C0 /* AppDelegate.swift */,
				839C48771D36BFD900D2B8C0 /* WaiverVC.swift */,
				8364E2271D37414500D8F755 /* SigningVC.swift */,
				8355C3091D3B610D00779FA2 /* CheckedInVC.swift */,
				83A25C401D3B308100769081 /* CustomerCardVC.swift */,
				834CDA1A1D375C58001EF345 /* SignatureVC.swift */,
				83682C9F1D3A8F77005176AC /* WelcomeVC.swift */,
				839C48791D36BFD900D2B8C0 /* Main.storyboard */,
				834CDA1C1D376DA6001EF345 /* WaiverPageVC.swift */,
				839C487C1D36BFD900D2B8C0 /* Assets.xcassets */,
				839C487E1D36BFD900D2B8C0 /* LaunchScreen.storyboard */,
				839C48811D36BFD900D2B8C0 /* Info.plist */,
				8389860D1D38AAEF008A209B /* FloatLabelTextField.swift */,
				83FD0E2A1D36C57D005EB824 /* SignatureView.swift */,
				838986021D389D2D008A209B /* Fonts */,
				836122141D3B400200B01B8F /* PopupCollectionViewController.swift */,
				8355C3071D3B413200779FA2 /* PagingFlowLayout.swift */,
			);
			path = VRWaivers;
			sourceTree = "<group>";
		};
		839C48891D36BFD900D2B8C0 /* VRWaiversTests */ = {
			isa = PBXGroup;
			children = (
				839C488A1D36BFD900D2B8C0 /* VRWaiversTests.swift */,
				839C488C1D36BFD900D2B8C0 /* Info.plist */,
			);
			path = VRWaiversTests;
			sourceTree = "<group>";
		};
/* End PBXGroup section */

/* Begin PBXNativeTarget section */
		839C48711D36BFD800D2B8C0 /* VRWaivers */ = {
			isa = PBXNativeTarget;
			buildConfigurationList = 839C488F1D36BFD900D2B8C0 /* Build configuration list for PBXNativeTarget "VRWaivers" */;
			buildPhases = (
				21388D516A865DBB5007FFB0 /* Check Pods Manifest.lock */,
				839C486E1D36BFD800D2B8C0 /* Sources */,
				839C486F1D36BFD800D2B8C0 /* Frameworks */,
				839C48701D36BFD800D2B8C0 /* Resources */,
				83FD0E281D36C138005EB824 /* Embed Frameworks */,
				83FD0E291D36C175005EB824 /* ShellScript */,
				ADF71480524753BF37B36283 /* Embed Pods Frameworks */,
				6FAE88DF05BA1B70C4686679 /* Copy Pods Resources */,
			);
			buildRules = (
			);
			dependencies = (
			);
			name = VRWaivers;
			productName = VRWaivers;
			productReference = 839C48721D36BFD800D2B8C0 /* VRWaivers.app */;
			productType = "com.apple.product-type.application";
		};
		839C48851D36BFD900D2B8C0 /* VRWaiversTests */ = {
			isa = PBXNativeTarget;
			buildConfigurationList = 839C48921D36BFD900D2B8C0 /* Build configuration list for PBXNativeTarget "VRWaiversTests" */;
			buildPhases = (
				839C48821D36BFD900D2B8C0 /* Sources */,
				839C48831D36BFD900D2B8C0 /* Frameworks */,
				839C48841D36BFD900D2B8C0 /* Resources */,
			);
			buildRules = (
			);
			dependencies = (
				839C48881D36BFD900D2B8C0 /* PBXTargetDependency */,
			);
			name = VRWaiversTests;
			productName = VRWaiversTests;
			productReference = 839C48861D36BFD900D2B8C0 /* VRWaiversTests.xctest */;
			productType = "com.apple.product-type.bundle.unit-test";
		};
/* End PBXNativeTarget section */

/* Begin PBXProject section */
		839C486A1D36BFD800D2B8C0 /* Project object */ = {
			isa = PBXProject;
			attributes = {
				LastSwiftUpdateCheck = 0730;
				LastUpgradeCheck = 0730;
				ORGANIZATIONNAME = VRLab;
				TargetAttributes = {
					839C48711D36BFD800D2B8C0 = {
						CreatedOnToolsVersion = 7.3.1;
						DevelopmentTeam = 5AEGZ7W8KM;
					};
					839C48851D36BFD900D2B8C0 = {
						CreatedOnToolsVersion = 7.3.1;
						TestTargetID = 839C48711D36BFD800D2B8C0;
					};
				};
			};
			buildConfigurationList = 839C486D1D36BFD800D2B8C0 /* Build configuration list for PBXProject "VRWaivers" */;
			compatibilityVersion = "Xcode 3.2";
			developmentRegion = English;
			hasScannedForEncodings = 0;
			knownRegions = (
				en,
				Base,
			);
			mainGroup = 839C48691D36BFD800D2B8C0;
			productRefGroup = 839C48731D36BFD800D2B8C0 /* Products */;
			projectDirPath = "";
			projectRoot = "";
			targets = (
				839C48711D36BFD800D2B8C0 /* VRWaivers */,
				839C48851D36BFD900D2B8C0 /* VRWaiversTests */,
			);
		};
/* End PBXProject section */

/* Begin PBXResourcesBuildPhase section */
		839C48701D36BFD800D2B8C0 /* Resources */ = {
			isa = PBXResourcesBuildPhase;
			buildActionMask = 2147483647;
			files = (
				8389860C1D389F2D008A209B /* Montserrat-Light.ttf in Resources */,
				838986091D389E81008A209B /* Montserrat-Bold.ttf in Resources */,
				839C48801D36BFD900D2B8C0 /* LaunchScreen.storyboard in Resources */,
				839C487D1D36BFD900D2B8C0 /* Assets.xcassets in Resources */,
				8389860A1D389E81008A209B /* Montserrat-Regular.ttf in Resources */,
				839C487B1D36BFD900D2B8C0 /* Main.storyboard in Resources */,
			);
			runOnlyForDeploymentPostprocessing = 0;
		};
		839C48841D36BFD900D2B8C0 /* Resources */ = {
			isa = PBXResourcesBuildPhase;
			buildActionMask = 2147483647;
			files = (
			);
			runOnlyForDeploymentPostprocessing = 0;
		};
/* End PBXResourcesBuildPhase section */

/* Begin PBXShellScriptBuildPhase section */
		21388D516A865DBB5007FFB0 /* Check Pods Manifest.lock */ = {
			isa = PBXShellScriptBuildPhase;
			buildActionMask = 2147483647;
			files = (
			);
			inputPaths = (
			);
			name = "Check Pods Manifest.lock";
			outputPaths = (
			);
			runOnlyForDeploymentPostprocessing = 0;
			shellPath = /bin/sh;
			shellScript = "diff \"${PODS_ROOT}/../Podfile.lock\" \"${PODS_ROOT}/Manifest.lock\" > /dev/null\nif [[ $? != 0 ]] ; then\n    cat << EOM\nerror: The sandbox is not in sync with the Podfile.lock. Run 'pod install' or update your CocoaPods installation.\nEOM\n    exit 1\nfi\n";
			showEnvVarsInLog = 0;
		};
		6FAE88DF05BA1B70C4686679 /* Copy Pods Resources */ = {
			isa = PBXShellScriptBuildPhase;
			buildActionMask = 2147483647;
			files = (
			);
			inputPaths = (
			);
			name = "Copy Pods Resources";
			outputPaths = (
			);
			runOnlyForDeploymentPostprocessing = 0;
			shellPath = /bin/sh;
			shellScript = "\"${SRCROOT}/Pods/Target Support Files/Pods-VRWaivers/Pods-VRWaivers-resources.sh\"\n";
			showEnvVarsInLog = 0;
		};
		83FD0E291D36C175005EB824 /* ShellScript */ = {
			isa = PBXShellScriptBuildPhase;
			buildActionMask = 2147483647;
			files = (
			);
			inputPaths = (
			);
			outputPaths = (
			);
			runOnlyForDeploymentPostprocessing = 0;
			shellPath = /bin/sh;
			shellScript = "bash \"${BUILT_PRODUCTS_DIR}/${FRAMEWORKS_FOLDER_PATH}/Realm.framework/strip-frameworks.sh\"";
		};
		ADF71480524753BF37B36283 /* Embed Pods Frameworks */ = {
			isa = PBXShellScriptBuildPhase;
			buildActionMask = 2147483647;
			files = (
			);
			inputPaths = (
			);
			name = "Embed Pods Frameworks";
			outputPaths = (
			);
			runOnlyForDeploymentPostprocessing = 0;
			shellPath = /bin/sh;
			shellScript = "\"${SRCROOT}/Pods/Target Support Files/Pods-VRWaivers/Pods-VRWaivers-frameworks.sh\"\n";
			showEnvVarsInLog = 0;
		};
/* End PBXShellScriptBuildPhase section */

/* Begin PBXSourcesBuildPhase section */
		839C486E1D36BFD800D2B8C0 /* Sources */ = {
			isa = PBXSourcesBuildPhase;
			buildActionMask = 2147483647;
			files = (
				8389860E1D38AAEF008A209B /* FloatLabelTextField.swift in Sources */,
				836122151D3B400200B01B8F /* PopupCollectionViewController.swift in Sources */,
				83FD0E2B1D36C57D005EB824 /* SignatureView.swift in Sources */,
				8355C3081D3B413200779FA2 /* PagingFlowLayout.swift in Sources */,
				834CDA1D1D376DA6001EF345 /* WaiverPageVC.swift in Sources */,
				83682C9E1D3A8B80005176AC /* Customer.swift in Sources */,
				83A25C411D3B308100769081 /* CustomerCardVC.swift in Sources */,
				839C48781D36BFD900D2B8C0 /* WaiverVC.swift in Sources */,
				8364E2281D37414500D8F755 /* SigningVC.swift in Sources */,
				83682CA01D3A8F77005176AC /* WelcomeVC.swift in Sources */,
				8355C30A1D3B610D00779FA2 /* CheckedInVC.swift in Sources */,
				839C48761D36BFD900D2B8C0 /* AppDelegate.swift in Sources */,
				834CDA1B1D375C58001EF345 /* SignatureVC.swift in Sources */,
			);
			runOnlyForDeploymentPostprocessing = 0;
		};
		839C48821D36BFD900D2B8C0 /* Sources */ = {
			isa = PBXSourcesBuildPhase;
			buildActionMask = 2147483647;
			files = (
				839C488B1D36BFD900D2B8C0 /* VRWaiversTests.swift in Sources */,
			);
			runOnlyForDeploymentPostprocessing = 0;
		};
/* End PBXSourcesBuildPhase section */

/* Begin PBXTargetDependency section */
		839C48881D36BFD900D2B8C0 /* PBXTargetDependency */ = {
			isa = PBXTargetDependency;
			target = 839C48711D36BFD800D2B8C0 /* VRWaivers */;
			targetProxy = 839C48871D36BFD900D2B8C0 /* PBXContainerItemProxy */;
		};
/* End PBXTargetDependency section */

/* Begin PBXVariantGroup section */
		839C48791D36BFD900D2B8C0 /* Main.storyboard */ = {
			isa = PBXVariantGroup;
			children = (
				839C487A1D36BFD900D2B8C0 /* Base */,
			);
			name = Main.storyboard;
			sourceTree = "<group>";
		};
		839C487E1D36BFD900D2B8C0 /* LaunchScreen.storyboard */ = {
			isa = PBXVariantGroup;
			children = (
				839C487F1D36BFD900D2B8C0 /* Base */,
			);
			name = LaunchScreen.storyboard;
			sourceTree = "<group>";
		};
/* End PBXVariantGroup section */

/* Begin XCBuildConfiguration section */
		839C488D1D36BFD900D2B8C0 /* Debug */ = {
			isa = XCBuildConfiguration;
			buildSettings = {
				ALWAYS_SEARCH_USER_PATHS = NO;
				CLANG_ANALYZER_NONNULL = YES;
				CLANG_CXX_LANGUAGE_STANDARD = "gnu++0x";
				CLANG_CXX_LIBRARY = "libc++";
				CLANG_ENABLE_MODULES = YES;
				CLANG_ENABLE_OBJC_ARC = YES;
				CLANG_WARN_BOOL_CONVERSION = YES;
				CLANG_WARN_CONSTANT_CONVERSION = YES;
				CLANG_WARN_DIRECT_OBJC_ISA_USAGE = YES_ERROR;
				CLANG_WARN_EMPTY_BODY = YES;
				CLANG_WARN_ENUM_CONVERSION = YES;
				CLANG_WARN_INT_CONVERSION = YES;
				CLANG_WARN_OBJC_ROOT_CLASS = YES_ERROR;
				CLANG_WARN_UNREACHABLE_CODE = YES;
				CLANG_WARN__DUPLICATE_METHOD_MATCH = YES;
				"CODE_SIGN_IDENTITY[sdk=iphoneos*]" = "iPhone Developer";
				COPY_PHASE_STRIP = NO;
				DEBUG_INFORMATION_FORMAT = dwarf;
				ENABLE_STRICT_OBJC_MSGSEND = YES;
				ENABLE_TESTABILITY = YES;
				GCC_C_LANGUAGE_STANDARD = gnu99;
				GCC_DYNAMIC_NO_PIC = NO;
				GCC_NO_COMMON_BLOCKS = YES;
				GCC_OPTIMIZATION_LEVEL = 0;
				GCC_PREPROCESSOR_DEFINITIONS = (
					"DEBUG=1",
					"$(inherited)",
				);
				GCC_WARN_64_TO_32_BIT_CONVERSION = YES;
				GCC_WARN_ABOUT_RETURN_TYPE = YES_ERROR;
				GCC_WARN_UNDECLARED_SELECTOR = YES;
				GCC_WARN_UNINITIALIZED_AUTOS = YES_AGGRESSIVE;
				GCC_WARN_UNUSED_FUNCTION = YES;
				GCC_WARN_UNUSED_VARIABLE = YES;
				IPHONEOS_DEPLOYMENT_TARGET = 9.3;
				MTL_ENABLE_DEBUG_INFO = YES;
				ONLY_ACTIVE_ARCH = YES;
				SDKROOT = iphoneos;
				SWIFT_OPTIMIZATION_LEVEL = "-Onone";
				TARGETED_DEVICE_FAMILY = 2;
			};
			name = Debug;
		};
		839C488E1D36BFD900D2B8C0 /* Release */ = {
			isa = XCBuildConfiguration;
			buildSettings = {
				ALWAYS_SEARCH_USER_PATHS = NO;
				CLANG_ANALYZER_NONNULL = YES;
				CLANG_CXX_LANGUAGE_STANDARD = "gnu++0x";
				CLANG_CXX_LIBRARY = "libc++";
				CLANG_ENABLE_MODULES = YES;
				CLANG_ENABLE_OBJC_ARC = YES;
				CLANG_WARN_BOOL_CONVERSION = YES;
				CLANG_WARN_CONSTANT_CONVERSION = YES;
				CLANG_WARN_DIRECT_OBJC_ISA_USAGE = YES_ERROR;
				CLANG_WARN_EMPTY_BODY = YES;
				CLANG_WARN_ENUM_CONVERSION = YES;
				CLANG_WARN_INT_CONVERSION = YES;
				CLANG_WARN_OBJC_ROOT_CLASS = YES_ERROR;
				CLANG_WARN_UNREACHABLE_CODE = YES;
				CLANG_WARN__DUPLICATE_METHOD_MATCH = YES;
				"CODE_SIGN_IDENTITY[sdk=iphoneos*]" = "iPhone Developer";
				COPY_PHASE_STRIP = NO;
				DEBUG_INFORMATION_FORMAT = "dwarf-with-dsym";
				ENABLE_NS_ASSERTIONS = NO;
				ENABLE_STRICT_OBJC_MSGSEND = YES;
				GCC_C_LANGUAGE_STANDARD = gnu99;
				GCC_NO_COMMON_BLOCKS = YES;
				GCC_WARN_64_TO_32_BIT_CONVERSION = YES;
				GCC_WARN_ABOUT_RETURN_TYPE = YES_ERROR;
				GCC_WARN_UNDECLARED_SELECTOR = YES;
				GCC_WARN_UNINITIALIZED_AUTOS = YES_AGGRESSIVE;
				GCC_WARN_UNUSED_FUNCTION = YES;
				GCC_WARN_UNUSED_VARIABLE = YES;
				IPHONEOS_DEPLOYMENT_TARGET = 9.3;
				MTL_ENABLE_DEBUG_INFO = NO;
				SDKROOT = iphoneos;
				TARGETED_DEVICE_FAMILY = 2;
				VALIDATE_PRODUCT = YES;
			};
			name = Release;
		};
		839C48901D36BFD900D2B8C0 /* Debug */ = {
			isa = XCBuildConfiguration;
			baseConfigurationReference = 4683D86AF55D32AD12CF9864 /* Pods-VRWaivers.debug.xcconfig */;
			buildSettings = {
				ASSETCATALOG_COMPILER_APPICON_NAME = AppIcon;
				CODE_SIGN_IDENTITY = "iPhone Developer";
				"CODE_SIGN_IDENTITY[sdk=iphoneos*]" = "iPhone Developer";
				FRAMEWORK_SEARCH_PATHS = (
					"$(inherited)",
					"$(PROJECT_DIR)/Frameworks",
					"$(PROJECT_DIR)",
				);
				INFOPLIST_FILE = VRWaivers/Info.plist;
				LD_RUNPATH_SEARCH_PATHS = "$(inherited) @executable_path/Frameworks";
				PRODUCT_BUNDLE_IDENTIFIER = rocks.vrlab.VRWaivers;
				PRODUCT_NAME = "$(TARGET_NAME)";
				PROVISIONING_PROFILE = "";
			};
			name = Debug;
		};
		839C48911D36BFD900D2B8C0 /* Release */ = {
			isa = XCBuildConfiguration;
			baseConfigurationReference = 93C9434A08B7CCA847E7142A /* Pods-VRWaivers.release.xcconfig */;
			buildSettings = {
				ASSETCATALOG_COMPILER_APPICON_NAME = AppIcon;
				CODE_SIGN_IDENTITY = "iPhone Developer";
				"CODE_SIGN_IDENTITY[sdk=iphoneos*]" = "iPhone Developer";
				FRAMEWORK_SEARCH_PATHS = (
					"$(inherited)",
					"$(PROJECT_DIR)/Frameworks",
					"$(PROJECT_DIR)",
				);
				INFOPLIST_FILE = VRWaivers/Info.plist;
				LD_RUNPATH_SEARCH_PATHS = "$(inherited) @executable_path/Frameworks";
				PRODUCT_BUNDLE_IDENTIFIER = rocks.vrlab.VRWaivers;
				PRODUCT_NAME = "$(TARGET_NAME)";
				PROVISIONING_PROFILE = "";
			};
			name = Release;
		};
		839C48931D36BFD900D2B8C0 /* Debug */ = {
			isa = XCBuildConfiguration;
			buildSettings = {
				BUNDLE_LOADER = "$(TEST_HOST)";
				INFOPLIST_FILE = VRWaiversTests/Info.plist;
				LD_RUNPATH_SEARCH_PATHS = "$(inherited) @executable_path/Frameworks @loader_path/Frameworks";
				PRODUCT_BUNDLE_IDENTIFIER = rocks.vrlab.VRWaiversTests;
				PRODUCT_NAME = "$(TARGET_NAME)";
				TEST_HOST = "$(BUILT_PRODUCTS_DIR)/VRWaivers.app/VRWaivers";
			};
			name = Debug;
		};
		839C48941D36BFD900D2B8C0 /* Release */ = {
			isa = XCBuildConfiguration;
			buildSettings = {
				BUNDLE_LOADER = "$(TEST_HOST)";
				INFOPLIST_FILE = VRWaiversTests/Info.plist;
				LD_RUNPATH_SEARCH_PATHS = "$(inherited) @executable_path/Frameworks @loader_path/Frameworks";
				PRODUCT_BUNDLE_IDENTIFIER = rocks.vrlab.VRWaiversTests;
				PRODUCT_NAME = "$(TARGET_NAME)";
				TEST_HOST = "$(BUILT_PRODUCTS_DIR)/VRWaivers.app/VRWaivers";
			};
			name = Release;
		};
/* End XCBuildConfiguration section */

/* Begin XCConfigurationList section */
		839C486D1D36BFD800D2B8C0 /* Build configuration list for PBXProject "VRWaivers" */ = {
			isa = XCConfigurationList;
			buildConfigurations = (
				839C488D1D36BFD900D2B8C0 /* Debug */,
				839C488E1D36BFD900D2B8C0 /* Release */,
			);
			defaultConfigurationIsVisible = 0;
			defaultConfigurationName = Release;
		};
		839C488F1D36BFD900D2B8C0 /* Build configuration list for PBXNativeTarget "VRWaivers" */ = {
			isa = XCConfigurationList;
			buildConfigurations = (
				839C48901D36BFD900D2B8C0 /* Debug */,
				839C48911D36BFD900D2B8C0 /* Release */,
			);
			defaultConfigurationIsVisible = 0;
			defaultConfigurationName = Release;
		};
		839C48921D36BFD900D2B8C0 /* Build configuration list for PBXNativeTarget "VRWaiversTests" */ = {
			isa = XCConfigurationList;
			buildConfigurations = (
				839C48931D36BFD900D2B8C0 /* Debug */,
				839C48941D36BFD900D2B8C0 /* Release */,
			);
			defaultConfigurationIsVisible = 0;
			defaultConfigurationName = Release;
		};
/* End XCConfigurationList section */
	};
	rootObject = 839C486A1D36BFD800D2B8C0 /* Project object */;
}
